
Microsoft Visual Studio Solution File, Format Version 12.00
# Visual Studio Version 16
VisualStudioVersion = 16.0.30011.22
MinimumVisualStudioVersion = 10.0.40219.1
Project("{9A19103F-16F7-4668-BE54-9A1E7A4F7556}") = "CollectionExtensions", "CollectionExtensions\CollectionExtensions.csproj", "{B4A2F9D2-5E86-4C02-96C7-D0DF340358E4}"
EndProject
Project("{2150E333-8FDC-42A3-9474-1A3956D46DE8}") = "Build", "Build", "{34D80B9D-F972-4E9A-90CD-DF044AD2ECED}"
	ProjectSection(SolutionItems) = preProject
		azure-pipelines.yml = azure-pipelines.yml
		nuget.config = nuget.config
	EndProjectSection
EndProject
Global
	GlobalSection(SolutionConfigurationPlatforms) = preSolution
		Debug|Any CPU = Debug|Any CPU
		Release|Any CPU = Release|Any CPU
	EndGlobalSection
	GlobalSection(ProjectConfigurationPlatforms) = postSolution
		{B4A2F9D2-5E86-4C02-96C7-D0DF340358E4}.Debug|Any CPU.ActiveCfg = Debug|Any CPU
		{B4A2F9D2-5E86-4C02-96C7-D0DF340358E4}.Debug|Any CPU.Build.0 = Debug|Any CPU
		{B4A2F9D2-5E86-4C02-96C7-D0DF340358E4}.Release|Any CPU.ActiveCfg = Release|Any CPU
		{B4A2F9D2-5E86-4C02-96C7-D0DF340358E4}.Release|Any CPU.Build.0 = Release|Any CPU
	EndGlobalSection
	GlobalSection(SolutionProperties) = preSolution
		HideSolutionNode = FALSE
	EndGlobalSection
	GlobalSection(ExtensibilityGlobals) = postSolution
		SolutionGuid = {32D80022-418B-4068-9E1A-8BBD4DA6906E}
	EndGlobalSection
EndGlobal
